<?xml version="1.0" encoding="utf-8"?>
<Project ToolsVersion="4.0" xmlns="http://schemas.microsoft.com/developer/msbuild/2003">
  <ItemGroup>
    <Filter Include="Fichiers sources">
      <UniqueIdentifier>{4FC737F1-C7A5-4376-A066-2A32D752A2FF}</UniqueIdentifier>
      <Extensions>cpp;c;cc;cxx;c++;cppm;ixx;def;odl;idl;hpj;bat;asm;asmx</Extensions>
    </Filter>
    <Filter Include="Fichiers d%27en-tête">
      <UniqueIdentifier>{93995380-89BD-4b04-88EB-625FBE52EBFB}</UniqueIdentifier>
      <Extensions>h;hh;hpp;hxx;h++;hm;inl;inc;ipp;xsd</Extensions>
    </Filter>
    <Filter Include="Fichiers de ressources">
      <UniqueIdentifier>{67DA6AB6-F800-4c08-8B7A-83BB121AAD01}</UniqueIdentifier>
      <Extensions>rc;ico;cur;bmp;dlg;rc2;rct;bin;rgs;gif;jpg;jpeg;jpe;resx;tiff;tif;png;wav;mfcribbon-ms</Extensions>
    </Filter>
    <Filter Include="Fichiers d%27en-tête\RTTI">
      <UniqueIdentifier>{2b31d16e-c503-4b89-aadb-5253e644b7ba}</UniqueIdentifier>
    </Filter>
    <Filter Include="Fichiers sources\RTTI">
      <UniqueIdentifier>{9842ae1b-9c95-4323-b285-ba4b4570dc56}</UniqueIdentifier>
    </Filter>
    <Filter Include="Fichiers sources\Stream">
      <UniqueIdentifier>{c8ba23bf-a357-41df-b181-ffd3dd957238}</UniqueIdentifier>
    </Filter>
    <Filter Include="Fichiers d%27en-tête\Stream">
      <UniqueIdentifier>{f73a0cb6-181d-4aec-9ff5-58d91a66464e}</UniqueIdentifier>
    </Filter>
    <Filter Include="Fichiers d%27en-tête\Undo/Redo">
      <UniqueIdentifier>{68417592-dade-4a4e-9f68-d41ca4ff873c}</UniqueIdentifier>
    </Filter>
    <Filter Include="Fichiers sources\Undo/Redo">
      <UniqueIdentifier>{d6966223-d657-4adb-9de3-f819e4d5ee3e}</UniqueIdentifier>
    </Filter>
    <Filter Include="Fichiers d%27en-tête\Memory">
      <UniqueIdentifier>{ccaea05b-0d23-4134-b245-2fcb6b41e216}</UniqueIdentifier>
    </Filter>
    <Filter Include="Fichiers sources\Memory">
      <UniqueIdentifier>{ac07f31f-a4b6-447d-94e0-4a322d4cfa6b}</UniqueIdentifier>
    </Filter>
    <Filter Include="Fichiers d%27en-tête\Exception">
      <UniqueIdentifier>{f09ddc50-ce30-4c5a-b5e5-9d1d376c64ea}</UniqueIdentifier>
    </Filter>
    <Filter Include="Fichiers sources\Exception">
      <UniqueIdentifier>{627d7b42-4382-45a3-80b1-b507f97d7b1d}</UniqueIdentifier>
    </Filter>
    <Filter Include="Fichiers sources\Container">
      <UniqueIdentifier>{cf5a6113-a92d-40b5-868d-aadbf17249c8}</UniqueIdentifier>
    </Filter>
    <Filter Include="Fichiers d%27en-tête\Container">
      <UniqueIdentifier>{8d65baca-8a57-463b-b33e-abe578b84445}</UniqueIdentifier>
    </Filter>
  </ItemGroup>
  <ItemGroup>
    <ClInclude Include="framework.h">
      <Filter>Fichiers d%27en-tête</Filter>
    </ClInclude>
    <ClInclude Include="pch.h">
      <Filter>Fichiers d%27en-tête</Filter>
    </ClInclude>
    <ClInclude Include="UndoRedo_globals.h">
      <Filter>Fichiers d%27en-tête</Filter>
    </ClInclude>
    <ClInclude Include="IRecordObject.h">
      <Filter>Fichiers d%27en-tête</Filter>
    </ClInclude>
    <ClInclude Include="BinaryBuffer.h">
      <Filter>Fichiers d%27en-tête</Filter>
    </ClInclude>
    <ClInclude Include="ProtocolExtension.h">
      <Filter>Fichiers d%27en-tête</Filter>
    </ClInclude>
    <ClInclude Include="RTTIDefinition.h">
      <Filter>Fichiers d%27en-tête\RTTI</Filter>
    </ClInclude>
    <ClInclude Include="RTTIDefinition_macros.h">
      <Filter>Fichiers d%27en-tête\RTTI</Filter>
    </ClInclude>
    <ClInclude Include="RTTIException.h">
      <Filter>Fichiers d%27en-tête\RTTI</Filter>
    </ClInclude>
    <ClInclude Include="RTTIException_macro.h">
      <Filter>Fichiers d%27en-tête\RTTI</Filter>
    </ClInclude>
    <ClInclude Include="TRTTIDefinition.h">
      <Filter>Fichiers d%27en-tête\RTTI</Filter>
    </ClInclude>
    <ClInclude Include="IOutputStream.h">
      <Filter>Fichiers d%27en-tête\Stream</Filter>
    </ClInclude>
    <ClInclude Include="InputBinStream.h">
      <Filter>Fichiers d%27en-tête\Stream</Filter>
    </ClInclude>
    <ClInclude Include="IInputStream.h">
      <Filter>Fichiers d%27en-tête\Stream</Filter>
    </ClInclude>
    <ClInclude Include="OutputBinStream.h">
      <Filter>Fichiers d%27en-tête\Stream</Filter>
    </ClInclude>
    <ClInclude Include="MShared_ptr.h">
      <Filter>Fichiers d%27en-tête\Memory</Filter>
    </ClInclude>
    <ClInclude Include="Record.h">
      <Filter>Fichiers d%27en-tête\Undo/Redo</Filter>
    </ClInclude>
    <ClInclude Include="RecordAssertions.h">
      <Filter>Fichiers d%27en-tête\Undo/Redo</Filter>
    </ClInclude>
    <ClInclude Include="MMemory.h">
      <Filter>Fichiers d%27en-tête\Memory</Filter>
    </ClInclude>
    <ClInclude Include="Defines.h">
      <Filter>Fichiers d%27en-tête</Filter>
    </ClInclude>
    <ClInclude Include="RealocMemory.h">
      <Filter>Fichiers d%27en-tête\Memory</Filter>
    </ClInclude>
    <ClInclude Include="RecordSession.h">
      <Filter>Fichiers d%27en-tête\Undo/Redo</Filter>
    </ClInclude>
    <ClInclude Include="TRecordContainer.h">
      <Filter>Fichiers d%27en-tête\Undo/Redo</Filter>
    </ClInclude>
    <ClInclude Include="UndoRedo.h">
      <Filter>Fichiers d%27en-tête\Undo/Redo</Filter>
    </ClInclude>
    <ClInclude Include="UndoRedoException.h">
      <Filter>Fichiers d%27en-tête\Exception</Filter>
    </ClInclude>
    <ClInclude Include="UndoRedoExceptionDefines.h">
      <Filter>Fichiers d%27en-tête\Exception</Filter>
    </ClInclude>
    <ClInclude Include="Exception.h">
      <Filter>Fichiers d%27en-tête</Filter>
    </ClInclude>
    <ClInclude Include="ContainerCell.h">
      <Filter>Fichiers d%27en-tête\Container</Filter>
    </ClInclude>
    <ClInclude Include="TIContainer.h">
      <Filter>Fichiers d%27en-tête\Container</Filter>
    </ClInclude>
    <ClInclude Include="MVector.h">
      <Filter>Fichiers d%27en-tête\Container</Filter>
    </ClInclude>
  </ItemGroup>
  <ItemGroup>
    <ClCompile Include="dllmain.cpp">
      <Filter>Fichiers sources</Filter>
    </ClCompile>
    <ClCompile Include="pch.cpp">
      <Filter>Fichiers sources</Filter>
    </ClCompile>
    <ClCompile Include="IRecordObject.cpp">
      <Filter>Fichiers sources</Filter>
    </ClCompile>
    <ClCompile Include="RTTIDefinition.cpp">
      <Filter>Fichiers sources\RTTI</Filter>
    </ClCompile>
    <ClCompile Include="RTTIException.cpp">
      <Filter>Fichiers sources\RTTI</Filter>
    </ClCompile>
    <ClCompile Include="InputBinStream.cpp">
      <Filter>Fichiers sources\Stream</Filter>
    </ClCompile>
    <ClCompile Include="OutputBinStream.cpp">
      <Filter>Fichiers sources\Stream</Filter>
    </ClCompile>
    <ClCompile Include="RecordAssertions.cpp">
      <Filter>Fichiers sources\Undo/Redo</Filter>
    </ClCompile>
    <ClCompile Include="RealocMemory.cpp">
      <Filter>Fichiers sources\Memory</Filter>
    </ClCompile>
    <ClCompile Include="UndoRedo.cpp">
      <Filter>Fichiers sources\Undo/Redo</Filter>
    </ClCompile>
    <ClCompile Include="RecordSession.cpp">
      <Filter>Fichiers sources\Undo/Redo</Filter>
    </ClCompile>
    <ClCompile Include="Record.cpp">
      <Filter>Fichiers sources\Undo/Redo</Filter>
    </ClCompile>
    <ClCompile Include="UndoRedoException.cpp">
      <Filter>Fichiers sources\Exception</Filter>
    </ClCompile>
  </ItemGroup>
</Project>